
Microsoft Visual Studio Solution File, Format Version 12.00
# Visual Studio Version 17
VisualStudioVersion = 17.0.31903.59
MinimumVisualStudioVersion = 10.0.40219.1
Project("{F2A71F9B-5D33-465A-A702-920D77279786}") = "console", "console\console.fsproj", "{36D837F8-158B-4E8C-B6F6-4BC4E95273F5}"
EndProject
Project("{F2A71F9B-5D33-465A-A702-920D77279786}") = "lib", "lib\lib.fsproj", "{89EF8A05-D07D-4996-9F00-99A60A8FB6F6}"
EndProject
Global
	GlobalSection(SolutionConfigurationPlatforms) = preSolution
		Debug|Any CPU = Debug|Any CPU
		Release|Any CPU = Release|Any CPU
	EndGlobalSection
	GlobalSection(SolutionProperties) = preSolution
		HideSolutionNode = FALSE
	EndGlobalSection
	GlobalSection(ProjectConfigurationPlatforms) = postSolution
		{36D837F8-158B-4E8C-B6F6-4BC4E95273F5}.Debug|Any CPU.ActiveCfg = Debug|Any CPU
		{36D837F8-158B-4E8C-B6F6-4BC4E95273F5}.Debug|Any CPU.Build.0 = Debug|Any CPU
		{36D837F8-158B-4E8C-B6F6-4BC4E95273F5}.Release|Any CPU.ActiveCfg = Release|Any CPU
		{36D837F8-158B-4E8C-B6F6-4BC4E95273F5}.Release|Any CPU.Build.0 = Release|Any CPU
		{89EF8A05-D07D-4996-9F00-99A60A8FB6F6}.Debug|Any CPU.ActiveCfg = Debug|Any CPU
		{89EF8A05-D07D-4996-9F00-99A60A8FB6F6}.Debug|Any CPU.Build.0 = Debug|Any CPU
		{89EF8A05-D07D-4996-9F00-99A60A8FB6F6}.Release|Any CPU.ActiveCfg = Release|Any CPU
		{89EF8A05-D07D-4996-9F00-99A60A8FB6F6}.Release|Any CPU.Build.0 = Release|Any CPU
	EndGlobalSection
EndGlobal
